
Microsoft Visual Studio Solution File, Format Version 12.00
# Visual Studio 15
VisualStudioVersion = 15.0.28010.2036
MinimumVisualStudioVersion = 10.0.40219.1
Project("{FAE04EC0-301F-11D3-BF4B-00C04F79EFBC}") = "BuilderWithChainingSample", "BuilderWithChainingSample\BuilderWithChainingSample.csproj", "{C0F0DAE5-7297-4487-A74A-28AB3BC58D50}"
EndProject
Project("{FAE04EC0-301F-11D3-BF4B-00C04F79EFBC}") = "Calculator.Tests", "Calculator.Tests\Calculator.Tests.csproj", "{8358B457-7D95-42CE-B29E-F19B1259481F}"
EndProject
Global
	GlobalSection(SolutionConfigurationPlatforms) = preSolution
		Debug|Any CPU = Debug|Any CPU
		Release|Any CPU = Release|Any CPU
	EndGlobalSection
	GlobalSection(ProjectConfigurationPlatforms) = postSolution
		{C0F0DAE5-7297-4487-A74A-28AB3BC58D50}.Debug|Any CPU.ActiveCfg = Debug|Any CPU
		{C0F0DAE5-7297-4487-A74A-28AB3BC58D50}.Debug|Any CPU.Build.0 = Debug|Any CPU
		{C0F0DAE5-7297-4487-A74A-28AB3BC58D50}.Release|Any CPU.ActiveCfg = Release|Any CPU
		{C0F0DAE5-7297-4487-A74A-28AB3BC58D50}.Release|Any CPU.Build.0 = Release|Any CPU
		{8358B457-7D95-42CE-B29E-F19B1259481F}.Debug|Any CPU.ActiveCfg = Debug|Any CPU
		{8358B457-7D95-42CE-B29E-F19B1259481F}.Debug|Any CPU.Build.0 = Debug|Any CPU
		{8358B457-7D95-42CE-B29E-F19B1259481F}.Release|Any CPU.ActiveCfg = Release|Any CPU
		{8358B457-7D95-42CE-B29E-F19B1259481F}.Release|Any CPU.Build.0 = Release|Any CPU
	EndGlobalSection
	GlobalSection(SolutionProperties) = preSolution
		HideSolutionNode = FALSE
	EndGlobalSection
	GlobalSection(ExtensibilityGlobals) = postSolution
		SolutionGuid = {6BC4E9BB-D51E-40B1-91C3-99761DBBF5EC}
	EndGlobalSection
EndGlobal
